Microsoft Visual Studio Solution File, Format Version 12.00
# Visual Studio 15
VisualStudioVersion = 15.0.27130.2010
MinimumVisualStudioVersion = 10.0.40219.1
Project("{9A19103F-16F7-4668-BE54-9A1E7A4F7556}") = "JSar.Web.UI", "JSar.Web.UI\JSar.Web.UI.csproj", "{CDEF19A5-27EF-49E0-8595-C4589E33F221}"
EndProject
Project("{2150E333-8FDC-42A3-9474-1A3956D46DE8}") = "Solution Items", "Solution Items", "{44800E28-00E4-480F-96EC-E7F3FB668B3B}"
	ProjectSection(SolutionItems) = preProject
		_START HERE - Architectural Overview.txt = _START HERE - Architectural Overview.txt
		Blog ideas.txt = Blog ideas.txt
		CommonResult usage guidelines.txt = CommonResult usage guidelines.txt
		Features.txt = Features.txt
		Master TODO List.txt = Master TODO List.txt
		Potential code smells.txt = Potential code smells.txt
		Resources.txt = Resources.txt
		Technical Debt.txt = Technical Debt.txt
	EndProjectSection
EndProject
Project("{2150E333-8FDC-42A3-9474-1A3956D46DE8}") = "Tests", "Tests", "{DE7D8280-3DE6-4423-B8AE-D178450EEB42}"
EndProject
Project("{9A19103F-16F7-4668-BE54-9A1E7A4F7556}") = "JSar.Membership.Tests.UnitTests", "JSar.Membership.Tests.UnitTests\JSar.Membership.Tests.UnitTests.csproj", "{8FF17633-6B9A-47F3-B273-345ACDE648E4}"
EndProject
Project("{9A19103F-16F7-4668-BE54-9A1E7A4F7556}") = "JSar.Tools", "JSar.Tools\JSar.Tools.csproj", "{E9777850-DC7F-4D9E-BD4D-5C215321E01E}"
EndProject
Project("{9A19103F-16F7-4668-BE54-9A1E7A4F7556}") = "JSar.Membership", "JSar.Membership\JSar.Membership.csproj", "{2F6B15E6-EF67-4E0B-8F83-77E14F7D4B3F}"
EndProject
Global
	GlobalSection(SolutionConfigurationPlatforms) = preSolution
		Debug|Any CPU = Debug|Any CPU
		Release|Any CPU = Release|Any CPU
	EndGlobalSection
	GlobalSection(ProjectConfigurationPlatforms) = postSolution
		{CDEF19A5-27EF-49E0-8595-C4589E33F221}.Debug|Any CPU.ActiveCfg = Debug|Any CPU
		{CDEF19A5-27EF-49E0-8595-C4589E33F221}.Debug|Any CPU.Build.0 = Debug|Any CPU
		{CDEF19A5-27EF-49E0-8595-C4589E33F221}.Release|Any CPU.ActiveCfg = Release|Any CPU
		{CDEF19A5-27EF-49E0-8595-C4589E33F221}.Release|Any CPU.Build.0 = Release|Any CPU
		{8FF17633-6B9A-47F3-B273-345ACDE648E4}.Debug|Any CPU.ActiveCfg = Debug|Any CPU
		{8FF17633-6B9A-47F3-B273-345ACDE648E4}.Debug|Any CPU.Build.0 = Debug|Any CPU
		{8FF17633-6B9A-47F3-B273-345ACDE648E4}.Release|Any CPU.ActiveCfg = Release|Any CPU
		{8FF17633-6B9A-47F3-B273-345ACDE648E4}.Release|Any CPU.Build.0 = Release|Any CPU
		{E9777850-DC7F-4D9E-BD4D-5C215321E01E}.Debug|Any CPU.ActiveCfg = Debug|Any CPU
		{E9777850-DC7F-4D9E-BD4D-5C215321E01E}.Debug|Any CPU.Build.0 = Debug|Any CPU
		{E9777850-DC7F-4D9E-BD4D-5C215321E01E}.Release|Any CPU.ActiveCfg = Release|Any CPU
		{E9777850-DC7F-4D9E-BD4D-5C215321E01E}.Release|Any CPU.Build.0 = Release|Any CPU
		{2F6B15E6-EF67-4E0B-8F83-77E14F7D4B3F}.Debug|Any CPU.ActiveCfg = Debug|Any CPU
		{2F6B15E6-EF67-4E0B-8F83-77E14F7D4B3F}.Debug|Any CPU.Build.0 = Debug|Any CPU
		{2F6B15E6-EF67-4E0B-8F83-77E14F7D4B3F}.Release|Any CPU.ActiveCfg = Release|Any CPU
		{2F6B15E6-EF67-4E0B-8F83-77E14F7D4B3F}.Release|Any CPU.Build.0 = Release|Any CPU
	EndGlobalSection
	GlobalSection(SolutionProperties) = preSolution
		HideSolutionNode = FALSE
	EndGlobalSection
	GlobalSection(NestedProjects) = preSolution
		{8FF17633-6B9A-47F3-B273-345ACDE648E4} = {DE7D8280-3DE6-4423-B8AE-D178450EEB42}
	EndGlobalSection
	GlobalSection(ExtensibilityGlobals) = postSolution
		SolutionGuid = {B7F04C35-627C-44CB-9293-7271D418145F}
	EndGlobalSection
EndGlobal
