Microsoft Visual Studio Solution File, Format Version 12.00
# Visual Studio 15
VisualStudioVersion = 15.0.27004.2008
MinimumVisualStudioVersion = 10.0.40219.1
Project("{9A19103F-16F7-4668-BE54-9A1E7A4F7556}") = "JSar.Web.UI", "JSar.Web.UI\JSar.Web.UI.csproj", "{CDEF19A5-27EF-49E0-8595-C4589E33F221}"
EndProject
Project("{9A19103F-16F7-4668-BE54-9A1E7A4F7556}") = "JSar.Membership.Domain", "JSar.Membership.Domain\JSar.Membership.Domain.csproj", "{E70E25CA-EE8A-4291-AC8D-B69C55D1D9F1}"
EndProject
Project("{9A19103F-16F7-4668-BE54-9A1E7A4F7556}") = "JSar.Membership.Services", "JSar.Membership.Services\JSar.Membership.Services.csproj", "{0B5718EB-EFE9-4A4C-AF83-4401CD329EC1}"
EndProject
Project("{9A19103F-16F7-4668-BE54-9A1E7A4F7556}") = "JSar.Membership.Services.Query", "JSar.Membership.Services.Query\JSar.Membership.Services.Query.csproj", "{FC9FA8EB-28E8-4FF1-A439-C535A0729CC6}"
EndProject
Project("{9A19103F-16F7-4668-BE54-9A1E7A4F7556}") = "JSar.Membership.Infrastructure", "JSar.Membership.Infrastructure\JSar.Membership.Infrastructure.csproj", "{E08C8C08-1F6F-48D9-B0FA-B6B60F909EB9}"
EndProject
Project("{9A19103F-16F7-4668-BE54-9A1E7A4F7556}") = "JSar.Membership.Messages", "JSar.Membership.Messages\JSar.Membership.Messages.csproj", "{642C2370-8759-4DBF-9FD0-BDCDBB86601B}"
EndProject
Project("{9A19103F-16F7-4668-BE54-9A1E7A4F7556}") = "JSar.Membership.AzureAdAdapter", "JSar.Membership.AzureAdAdapter\JSar.Membership.AzureAdAdapter.csproj", "{21EDC60E-B1CD-4343-B17E-40F608BEE589}"
EndProject
Project("{2150E333-8FDC-42A3-9474-1A3956D46DE8}") = "Solution Items", "Solution Items", "{44800E28-00E4-480F-96EC-E7F3FB668B3B}"
	ProjectSection(SolutionItems) = preProject
		Features.txt = Features.txt
		Master TODO List.txt = Master TODO List.txt
		Potential code smells.txt = Potential code smells.txt
		Required Comments for Messages.txt = Required Comments for Messages.txt
	EndProjectSection
EndProject
Project("{2150E333-8FDC-42A3-9474-1A3956D46DE8}") = "Tests", "Tests", "{DE7D8280-3DE6-4423-B8AE-D178450EEB42}"
EndProject
Project("{9A19103F-16F7-4668-BE54-9A1E7A4F7556}") = "JSar.Membership.Tests.UnitTests", "JSar.Membership.Tests.UnitTests\JSar.Membership.Tests.UnitTests.csproj", "{8FF17633-6B9A-47F3-B273-345ACDE648E4}"
EndProject
Global
	GlobalSection(SolutionConfigurationPlatforms) = preSolution
		Debug|Any CPU = Debug|Any CPU
		Release|Any CPU = Release|Any CPU
	EndGlobalSection
	GlobalSection(ProjectConfigurationPlatforms) = postSolution
		{CDEF19A5-27EF-49E0-8595-C4589E33F221}.Debug|Any CPU.ActiveCfg = Debug|Any CPU
		{CDEF19A5-27EF-49E0-8595-C4589E33F221}.Debug|Any CPU.Build.0 = Debug|Any CPU
		{CDEF19A5-27EF-49E0-8595-C4589E33F221}.Release|Any CPU.ActiveCfg = Release|Any CPU
		{CDEF19A5-27EF-49E0-8595-C4589E33F221}.Release|Any CPU.Build.0 = Release|Any CPU
		{E70E25CA-EE8A-4291-AC8D-B69C55D1D9F1}.Debug|Any CPU.ActiveCfg = Debug|Any CPU
		{E70E25CA-EE8A-4291-AC8D-B69C55D1D9F1}.Debug|Any CPU.Build.0 = Debug|Any CPU
		{E70E25CA-EE8A-4291-AC8D-B69C55D1D9F1}.Release|Any CPU.ActiveCfg = Release|Any CPU
		{E70E25CA-EE8A-4291-AC8D-B69C55D1D9F1}.Release|Any CPU.Build.0 = Release|Any CPU
		{0B5718EB-EFE9-4A4C-AF83-4401CD329EC1}.Debug|Any CPU.ActiveCfg = Debug|Any CPU
		{0B5718EB-EFE9-4A4C-AF83-4401CD329EC1}.Debug|Any CPU.Build.0 = Debug|Any CPU
		{0B5718EB-EFE9-4A4C-AF83-4401CD329EC1}.Release|Any CPU.ActiveCfg = Release|Any CPU
		{0B5718EB-EFE9-4A4C-AF83-4401CD329EC1}.Release|Any CPU.Build.0 = Release|Any CPU
		{FC9FA8EB-28E8-4FF1-A439-C535A0729CC6}.Debug|Any CPU.ActiveCfg = Debug|Any CPU
		{FC9FA8EB-28E8-4FF1-A439-C535A0729CC6}.Debug|Any CPU.Build.0 = Debug|Any CPU
		{FC9FA8EB-28E8-4FF1-A439-C535A0729CC6}.Release|Any CPU.ActiveCfg = Release|Any CPU
		{FC9FA8EB-28E8-4FF1-A439-C535A0729CC6}.Release|Any CPU.Build.0 = Release|Any CPU
		{E08C8C08-1F6F-48D9-B0FA-B6B60F909EB9}.Debug|Any CPU.ActiveCfg = Debug|Any CPU
		{E08C8C08-1F6F-48D9-B0FA-B6B60F909EB9}.Debug|Any CPU.Build.0 = Debug|Any CPU
		{E08C8C08-1F6F-48D9-B0FA-B6B60F909EB9}.Release|Any CPU.ActiveCfg = Release|Any CPU
		{E08C8C08-1F6F-48D9-B0FA-B6B60F909EB9}.Release|Any CPU.Build.0 = Release|Any CPU
		{642C2370-8759-4DBF-9FD0-BDCDBB86601B}.Debug|Any CPU.ActiveCfg = Debug|Any CPU
		{642C2370-8759-4DBF-9FD0-BDCDBB86601B}.Debug|Any CPU.Build.0 = Debug|Any CPU
		{642C2370-8759-4DBF-9FD0-BDCDBB86601B}.Release|Any CPU.ActiveCfg = Release|Any CPU
		{642C2370-8759-4DBF-9FD0-BDCDBB86601B}.Release|Any CPU.Build.0 = Release|Any CPU
		{21EDC60E-B1CD-4343-B17E-40F608BEE589}.Debug|Any CPU.ActiveCfg = Debug|Any CPU
		{21EDC60E-B1CD-4343-B17E-40F608BEE589}.Debug|Any CPU.Build.0 = Debug|Any CPU
		{21EDC60E-B1CD-4343-B17E-40F608BEE589}.Release|Any CPU.ActiveCfg = Release|Any CPU
		{21EDC60E-B1CD-4343-B17E-40F608BEE589}.Release|Any CPU.Build.0 = Release|Any CPU
		{8FF17633-6B9A-47F3-B273-345ACDE648E4}.Debug|Any CPU.ActiveCfg = Debug|Any CPU
		{8FF17633-6B9A-47F3-B273-345ACDE648E4}.Debug|Any CPU.Build.0 = Debug|Any CPU
		{8FF17633-6B9A-47F3-B273-345ACDE648E4}.Release|Any CPU.ActiveCfg = Release|Any CPU
		{8FF17633-6B9A-47F3-B273-345ACDE648E4}.Release|Any CPU.Build.0 = Release|Any CPU
	EndGlobalSection
	GlobalSection(SolutionProperties) = preSolution
		HideSolutionNode = FALSE
	EndGlobalSection
	GlobalSection(NestedProjects) = preSolution
		{8FF17633-6B9A-47F3-B273-345ACDE648E4} = {DE7D8280-3DE6-4423-B8AE-D178450EEB42}
	EndGlobalSection
	GlobalSection(ExtensibilityGlobals) = postSolution
		SolutionGuid = {B7F04C35-627C-44CB-9293-7271D418145F}
	EndGlobalSection
EndGlobal
